
Microsoft Visual Studio Solution File, Format Version 12.00
# Visual Studio 14
VisualStudioVersion = 14.0.25420.1
MinimumVisualStudioVersion = 10.0.40219.1
Project("{FAE04EC0-301F-11D3-BF4B-00C04F79EFBC}") = "Grafik", "Grafik\Grafik.csproj", "{C12B8AF2-BF33-469D-96E0-CCBEF85F00C6}"
EndProject
Project("{54435603-DBB4-11D2-8724-00A0C9A8B90C}") = "YönetimRaporları", "YönetimRaporları\YönetimRaporları.vdproj", "{2E96AEE8-0D19-4B5D-9062-DD7613442F4E}"
EndProject
Global
	GlobalSection(SolutionConfigurationPlatforms) = preSolution
		Debug|Any CPU = Debug|Any CPU
		Release|Any CPU = Release|Any CPU
	EndGlobalSection
	GlobalSection(ProjectConfigurationPlatforms) = postSolution
		{C12B8AF2-BF33-469D-96E0-CCBEF85F00C6}.Debug|Any CPU.ActiveCfg = Debug|Any CPU
		{C12B8AF2-BF33-469D-96E0-CCBEF85F00C6}.Debug|Any CPU.Build.0 = Debug|Any CPU
		{C12B8AF2-BF33-469D-96E0-CCBEF85F00C6}.Release|Any CPU.ActiveCfg = Release|Any CPU
		{C12B8AF2-BF33-469D-96E0-CCBEF85F00C6}.Release|Any CPU.Build.0 = Release|Any CPU
		{2E96AEE8-0D19-4B5D-9062-DD7613442F4E}.Debug|Any CPU.ActiveCfg = Debug
		{2E96AEE8-0D19-4B5D-9062-DD7613442F4E}.Release|Any CPU.ActiveCfg = Release
	EndGlobalSection
	GlobalSection(SolutionProperties) = preSolution
		HideSolutionNode = FALSE
	EndGlobalSection
EndGlobal
